<?xml version="1.0" encoding="utf-8"?>
<Project ToolsVersion="4.0" xmlns="http://schemas.microsoft.com/developer/msbuild/2003">
  <ItemGroup>
    <Filter Include="Source Files">
      <UniqueIdentifier>{4FC737F1-C7A5-4376-A066-2A32D752A2FF}</UniqueIdentifier>
      <Extensions>cpp;c;cc;cxx;def;odl;idl;hpj;bat;asm;asmx</Extensions>
    </Filter>
    <Filter Include="Header Files">
      <UniqueIdentifier>{93995380-89BD-4b04-88EB-625FBE52EBFB}</UniqueIdentifier>
      <Extensions>h;hh;hpp;hxx;hm;inl;inc;xsd</Extensions>
    </Filter>
    <Filter Include="Resource Files">
      <UniqueIdentifier>{67DA6AB6-F800-4c08-8B7A-83BB121AAD01}</UniqueIdentifier>
      <Extensions>rc;ico;cur;bmp;dlg;rc2;rct;bin;rgs;gif;jpg;jpeg;jpe;resx;tiff;tif;png;wav;mfcribbon-ms</Extensions>
    </Filter>
  </ItemGroup>
  <ItemGroup>
    <Text Include="ReadMe.txt" />
  </ItemGroup>
  <ItemGroup>
    <ClInclude Include="DistanceTable.h">
      <Filter>Header Files</Filter>
    </ClInclude>
    <ClInclude Include="DistVect.h">
      <Filter>Header Files</Filter>
    </ClInclude>
    <ClInclude Include="FeasibleSolCol.h">
      <Filter>Header Files</Filter>
    </ClInclude>
    <ClInclude Include="FeasibleSolution.h">
      <Filter>Header Files</Filter>
    </ClInclude>
    <ClInclude Include="FeasSolNode.h">
      <Filter>Header Files</Filter>
    </ClInclude>
    <ClInclude Include="FrogLeapSolution.h">
      <Filter>Header Files</Filter>
    </ClInclude>
    <ClInclude Include="FrogObject.h">
      <Filter>Header Files</Filter>
    </ClInclude>
    <ClInclude Include="FrogObjectCol.h">
      <Filter>Header Files</Filter>
    </ClInclude>
    <ClInclude Include="FrogObjNode.h">
      <Filter>Header Files</Filter>
    </ClInclude>
    <ClInclude Include="Graph.h">
      <Filter>Header Files</Filter>
    </ClInclude>
    <ClInclude Include="IndexList.h">
      <Filter>Header Files</Filter>
    </ClInclude>
    <ClInclude Include="IndexListNode.h">
      <Filter>Header Files</Filter>
    </ClInclude>
    <ClInclude Include="stdafx.h">
      <Filter>Header Files</Filter>
    </ClInclude>
    <ClInclude Include="targetver.h">
      <Filter>Header Files</Filter>
    </ClInclude>
    <ClInclude Include="Vehicle.h">
      <Filter>Header Files</Filter>
    </ClInclude>
    <ClInclude Include="Vertex.h">
      <Filter>Header Files</Filter>
    </ClInclude>
    <ClInclude Include="DecodedFrogLeapSolution.h">
      <Filter>Header Files</Filter>
    </ClInclude>
    <ClInclude Include="Pair.h">
      <Filter>Header Files</Filter>
    </ClInclude>
    <ClInclude Include="FrogLeapController.h">
      <Filter>Header Files</Filter>
    </ClInclude>
  </ItemGroup>
  <ItemGroup>
    <ClCompile Include="DistanceTable.cpp">
      <Filter>Source Files</Filter>
    </ClCompile>
    <ClCompile Include="DistVect.cpp">
      <Filter>Source Files</Filter>
    </ClCompile>
    <ClCompile Include="FeasibleSolCol.cpp">
      <Filter>Source Files</Filter>
    </ClCompile>
    <ClCompile Include="FeasibleSolution.cpp">
      <Filter>Source Files</Filter>
    </ClCompile>
    <ClCompile Include="FeasSolNode.cpp">
      <Filter>Source Files</Filter>
    </ClCompile>
    <ClCompile Include="FL_MDVRP.cpp">
      <Filter>Source Files</Filter>
    </ClCompile>
    <ClCompile Include="FrogLeapSolution.cpp">
      <Filter>Source Files</Filter>
    </ClCompile>
    <ClCompile Include="FrogObject.cpp">
      <Filter>Source Files</Filter>
    </ClCompile>
    <ClCompile Include="FrogObjectCol.cpp">
      <Filter>Source Files</Filter>
    </ClCompile>
    <ClCompile Include="FrogObjNode.cpp">
      <Filter>Source Files</Filter>
    </ClCompile>
    <ClCompile Include="Graph.cpp">
      <Filter>Source Files</Filter>
    </ClCompile>
    <ClCompile Include="IndexList.cpp">
      <Filter>Source Files</Filter>
    </ClCompile>
    <ClCompile Include="IndexListNode.cpp">
      <Filter>Source Files</Filter>
    </ClCompile>
    <ClCompile Include="stdafx.cpp">
      <Filter>Source Files</Filter>
    </ClCompile>
    <ClCompile Include="Vehicle.cpp">
      <Filter>Source Files</Filter>
    </ClCompile>
    <ClCompile Include="Vertex.cpp">
      <Filter>Source Files</Filter>
    </ClCompile>
    <ClCompile Include="DecodedFrogLeapSolution.cpp">
      <Filter>Source Files</Filter>
    </ClCompile>
    <ClCompile Include="Pair.cpp">
      <Filter>Source Files</Filter>
    </ClCompile>
    <ClCompile Include="FrogLeapController.cpp">
      <Filter>Source Files</Filter>
    </ClCompile>
  </ItemGroup>
</Project>